
Microsoft Visual Studio Solution File, Format Version 12.00
# Visual Studio Version 17
VisualStudioVersion = 17.14.36616.10
MinimumVisualStudioVersion = 10.0.40219.1
Project("{FAE04EC0-301F-11D3-BF4B-00C04F79EFBC}") = "HtmlTable", "HtmlTable\HtmlTable.csproj", "{82CE1F72-6F68-41A6-BF56-2FF4EC0A8118}"
EndProject
Project("{FAE04EC0-301F-11D3-BF4B-00C04F79EFBC}") = "PieChart", "PieChart\PieChart.csproj", "{026CCC9B-E83E-439E-A607-DB409BF0E67C}"
EndProject
Global
	GlobalSection(SolutionConfigurationPlatforms) = preSolution
		Debug|Any CPU = Debug|Any CPU
		Release|Any CPU = Release|Any CPU
	EndGlobalSection
	GlobalSection(ProjectConfigurationPlatforms) = postSolution
		{82CE1F72-6F68-41A6-BF56-2FF4EC0A8118}.Debug|Any CPU.ActiveCfg = Debug|Any CPU
		{82CE1F72-6F68-41A6-BF56-2FF4EC0A8118}.Debug|Any CPU.Build.0 = Debug|Any CPU
		{82CE1F72-6F68-41A6-BF56-2FF4EC0A8118}.Release|Any CPU.ActiveCfg = Release|Any CPU
		{82CE1F72-6F68-41A6-BF56-2FF4EC0A8118}.Release|Any CPU.Build.0 = Release|Any CPU
		{026CCC9B-E83E-439E-A607-DB409BF0E67C}.Debug|Any CPU.ActiveCfg = Debug|Any CPU
		{026CCC9B-E83E-439E-A607-DB409BF0E67C}.Debug|Any CPU.Build.0 = Debug|Any CPU
		{026CCC9B-E83E-439E-A607-DB409BF0E67C}.Release|Any CPU.ActiveCfg = Release|Any CPU
		{026CCC9B-E83E-439E-A607-DB409BF0E67C}.Release|Any CPU.Build.0 = Release|Any CPU
	EndGlobalSection
	GlobalSection(SolutionProperties) = preSolution
		HideSolutionNode = FALSE
	EndGlobalSection
	GlobalSection(ExtensibilityGlobals) = postSolution
		SolutionGuid = {709DE8D6-1368-4174-8D19-F8E216F99C38}
	EndGlobalSection
EndGlobal
